
Microsoft Visual Studio Solution File, Format Version 12.00
# Visual Studio Version 17
VisualStudioVersion = 17.5.002.0
MinimumVisualStudioVersion = 10.0.40219.1
Project("{9A19103F-16F7-4668-BE54-9A1E7A4F7556}") = "PruebaC-sharp_JuanJoseZapata", "PruebaC-sharp_JuanJoseZapata.csproj", "{4399D883-A213-4F7A-9CFE-E7DC379A2380}"
EndProject
Global
	GlobalSection(SolutionConfigurationPlatforms) = preSolution
		Debug|Any CPU = Debug|Any CPU
		Release|Any CPU = Release|Any CPU
	EndGlobalSection
	GlobalSection(ProjectConfigurationPlatforms) = postSolution
		{4399D883-A213-4F7A-9CFE-E7DC379A2380}.Debug|Any CPU.ActiveCfg = Debug|Any CPU
		{4399D883-A213-4F7A-9CFE-E7DC379A2380}.Debug|Any CPU.Build.0 = Debug|Any CPU
		{4399D883-A213-4F7A-9CFE-E7DC379A2380}.Release|Any CPU.ActiveCfg = Release|Any CPU
		{4399D883-A213-4F7A-9CFE-E7DC379A2380}.Release|Any CPU.Build.0 = Release|Any CPU
	EndGlobalSection
	GlobalSection(SolutionProperties) = preSolution
		HideSolutionNode = FALSE
	EndGlobalSection
	GlobalSection(ExtensibilityGlobals) = postSolution
		SolutionGuid = {C6ED5766-166F-44BD-B484-D0F0927F736F}
	EndGlobalSection
EndGlobal
